{
  "version": 4,
  "terraform_version": "1.3.4",
  "serial": 29,
  "lineage": "b9d43901-bb12-5d33-9162-f13b5b4708fd",
  "outputs": {
    "application": {
      "value": [
        "137.184.224.14"
      ],
      "type": [
        "tuple",
        [
          "string"
        ]
      ]
    },
    "frontend": {
      "value": [
        "165.232.149.17"
      ],
      "type": [
        "tuple",
        [
          "string"
        ]
      ]
    }
  },
  "resources": [
    {
      "mode": "data",
      "type": "digitalocean_project",
      "name": "lab_project",
      "provider": "provider[\"registry.terraform.io/digitalocean/digitalocean\"]",
      "instances": [
        {
          "schema_version": 0,
          "attributes": {
            "created_at": "2022-11-03T03:44:50Z",
            "description": "",
            "environment": "",
            "id": "2f392a9c-a66e-4351-9291-62ecfa756f1d",
            "is_default": false,
            "name": "lab 5",
            "owner_id": 12763188,
            "owner_uuid": "5950fb93-ffe8-43d7-b443-c2e4cdeb52d8",
            "purpose": "Class project / Educational purposes",
            "resources": [],
            "updated_at": "2022-11-03T03:44:50Z"
          },
          "sensitive_attributes": []
        }
      ]
    },
    {
      "mode": "data",
      "type": "digitalocean_ssh_key",
      "name": "acitP",
      "provider": "provider[\"registry.terraform.io/digitalocean/digitalocean\"]",
      "instances": [
        {
          "schema_version": 0,
          "attributes": {
            "fingerprint": "cf:75:7f:3b:23:00:e4:48:ea:73:1f:00:0e:a7:c3:4e",
            "id": 36671210,
            "name": "acitP",
            "public_key": "ssh-rsa AAAAB3NzaC1yc2EAAAADAQABAAABgQDFT1rVsppCKk7sxrK6ccwJ0kx+yLLtNYD6IbXtHVLdWza4jqADtI8ZMjy5C35/JwfEpaAcdd5hgqtMfCQQZo8CV4tsp1eCZw4a2O2TrgR3AcuDJYH++vwWb6mbZTEB85bxndPe2e4cZZbU/s42nvwIoFdh+sBpVpXrQcMKhVY6QeOl7wZKO120teXxwhFP5SJaDrUTB1dSg5h/CRP7ObUPI3wT3T2HTX73Wb086K5gZ+OAsNE5B8DUuy2en634yQYE4JqopoJPJpyfsAMu/daFelT4L+1VxbOB0+5/IIBgkXyWDtyQnXX0GwZKe3sVZtJqEusTnQHfkK3RYmtTBA5RVAZLLeAoFo/eDh/Tbqzu9qACGp0tLJSOmWGOvyuRaI0FCFaEwRwLL5/k++vb1MLMSil8/HwMgfk0XLePCnagP38xr230XEVVvYQn4X0qkVy7F33FkTq9eQANEZkb6Xnrgp8gHu0qee13a9pXRtnrAgRWs9JdVF3Y3gErCpUyjpk= user@DESKTOP-SOUFOMG"
          },
          "sensitive_attributes": []
        }
      ]
    },
    {
      "mode": "managed",
      "type": "digitalocean_droplet",
      "name": "application_A01263293",
      "provider": "provider[\"registry.terraform.io/digitalocean/digitalocean\"]",
      "instances": [
        {
          "schema_version": 1,
          "attributes": {
            "backups": false,
            "created_at": "2022-12-08T00:34:13Z",
            "disk": 10,
            "droplet_agent": null,
            "graceful_shutdown": false,
            "id": "330142911",
            "image": "rockylinux-9-x64",
            "ipv4_address": "137.184.224.14",
            "ipv4_address_private": "10.46.40.4",
            "ipv6": false,
            "ipv6_address": "",
            "locked": false,
            "memory": 512,
            "monitoring": false,
            "name": "application",
            "price_hourly": 0.00595,
            "price_monthly": 4,
            "private_networking": true,
            "region": "sfo3",
            "resize_disk": true,
            "size": "s-1vcpu-512mb-10gb",
            "ssh_keys": [
              "36671210"
            ],
            "status": "active",
            "tags": [
              "web"
            ],
            "timeouts": null,
            "urn": "do:droplet:330142911",
            "user_data": null,
            "vcpus": 1,
            "volume_ids": [],
            "vpc_uuid": "d6bc8f89-74ad-4fab-a961-21ba2c57f7f1"
          },
          "sensitive_attributes": [],
          "private": "eyJlMmJmYjczMC1lY2FhLTExZTYtOGY4OC0zNDM2M2JjN2M0YzAiOnsiY3JlYXRlIjozNjAwMDAwMDAwMDAwLCJkZWxldGUiOjYwMDAwMDAwMDAwLCJ1cGRhdGUiOjM2MDAwMDAwMDAwMDB9LCJzY2hlbWFfdmVyc2lvbiI6IjEifQ==",
          "dependencies": [
            "data.digitalocean_ssh_key.acitP",
            "digitalocean_tag.do_tag",
            "digitalocean_vpc.web_vpc2"
          ],
          "create_before_destroy": true
        }
      ]
    },
    {
      "mode": "managed",
      "type": "digitalocean_droplet",
      "name": "frontend_A01263293",
      "provider": "provider[\"registry.terraform.io/digitalocean/digitalocean\"]",
      "instances": [
        {
          "schema_version": 1,
          "attributes": {
            "backups": false,
            "created_at": "2022-12-08T00:34:13Z",
            "disk": 10,
            "droplet_agent": null,
            "graceful_shutdown": false,
            "id": "330142910",
            "image": "rockylinux-9-x64",
            "ipv4_address": "165.232.149.17",
            "ipv4_address_private": "10.46.40.5",
            "ipv6": false,
            "ipv6_address": "",
            "locked": false,
            "memory": 512,
            "monitoring": false,
            "name": "frontend",
            "price_hourly": 0.00595,
            "price_monthly": 4,
            "private_networking": true,
            "region": "sfo3",
            "resize_disk": true,
            "size": "s-1vcpu-512mb-10gb",
            "ssh_keys": [
              "36671210"
            ],
            "status": "active",
            "tags": [
              "web"
            ],
            "timeouts": null,
            "urn": "do:droplet:330142910",
            "user_data": null,
            "vcpus": 1,
            "volume_ids": [],
            "vpc_uuid": "d6bc8f89-74ad-4fab-a961-21ba2c57f7f1"
          },
          "sensitive_attributes": [],
          "private": "eyJlMmJmYjczMC1lY2FhLTExZTYtOGY4OC0zNDM2M2JjN2M0YzAiOnsiY3JlYXRlIjozNjAwMDAwMDAwMDAwLCJkZWxldGUiOjYwMDAwMDAwMDAwLCJ1cGRhdGUiOjM2MDAwMDAwMDAwMDB9LCJzY2hlbWFfdmVyc2lvbiI6IjEifQ==",
          "dependencies": [
            "data.digitalocean_ssh_key.acitP",
            "digitalocean_tag.do_tag",
            "digitalocean_vpc.web_vpc2"
          ],
          "create_before_destroy": true
        }
      ]
    },
    {
      "mode": "managed",
      "type": "digitalocean_firewall",
      "name": "web",
      "provider": "provider[\"registry.terraform.io/digitalocean/digitalocean\"]",
      "instances": [
        {
          "schema_version": 0,
          "attributes": {
            "created_at": "2022-12-08T00:21:23Z",
            "droplet_ids": [
              330142911
            ],
            "id": "5e62aca3-f8c3-4eb2-ad4a-b13f2f85916b",
            "inbound_rule": [
              {
                "port_range": "",
                "protocol": "icmp",
                "source_addresses": [
                  "0.0.0.0/0",
                  "::/0"
                ],
                "source_droplet_ids": [],
                "source_kubernetes_ids": [],
                "source_load_balancer_uids": [],
                "source_tags": []
              },
              {
                "port_range": "22",
                "protocol": "tcp",
                "source_addresses": [],
                "source_droplet_ids": [],
                "source_kubernetes_ids": [],
                "source_load_balancer_uids": [],
                "source_tags": []
              },
              {
                "port_range": "80",
                "protocol": "tcp",
                "source_addresses": [
                  "0.0.0.0/0",
                  "::/0"
                ],
                "source_droplet_ids": [],
                "source_kubernetes_ids": [],
                "source_load_balancer_uids": [],
                "source_tags": []
              }
            ],
            "name": "application",
            "outbound_rule": [],
            "pending_changes": [
              {
                "droplet_id": 330141110,
                "removing": true,
                "status": "waiting"
              },
              {
                "droplet_id": 330142911,
                "removing": false,
                "status": "waiting"
              }
            ],
            "status": "waiting",
            "tags": []
          },
          "sensitive_attributes": [],
          "private": "bnVsbA==",
          "dependencies": [
            "data.digitalocean_ssh_key.acitP",
            "digitalocean_droplet.application_A01263293",
            "digitalocean_tag.do_tag",
            "digitalocean_vpc.web_vpc2"
          ]
        }
      ]
    },
    {
      "mode": "managed",
      "type": "digitalocean_firewall",
      "name": "web2",
      "provider": "provider[\"registry.terraform.io/digitalocean/digitalocean\"]",
      "instances": [
        {
          "schema_version": 0,
          "attributes": {
            "created_at": "2022-12-08T00:21:24Z",
            "droplet_ids": [
              330142910
            ],
            "id": "3daf752c-3246-45af-918e-c364648439e0",
            "inbound_rule": [
              {
                "port_range": "",
                "protocol": "icmp",
                "source_addresses": [
                  "0.0.0.0/0",
                  "::/0"
                ],
                "source_droplet_ids": [],
                "source_kubernetes_ids": [],
                "source_load_balancer_uids": [],
                "source_tags": []
              },
              {
                "port_range": "22",
                "protocol": "tcp",
                "source_addresses": [],
                "source_droplet_ids": [],
                "source_kubernetes_ids": [],
                "source_load_balancer_uids": [],
                "source_tags": []
              },
              {
                "port_range": "80",
                "protocol": "tcp",
                "source_addresses": [
                  "10.46.40.0/24"
                ],
                "source_droplet_ids": [],
                "source_kubernetes_ids": [],
                "source_load_balancer_uids": [],
                "source_tags": []
              }
            ],
            "name": "only-22-80-and-443",
            "outbound_rule": [],
            "pending_changes": [
              {
                "droplet_id": 330141109,
                "removing": true,
                "status": "waiting"
              },
              {
                "droplet_id": 330142910,
                "removing": false,
                "status": "waiting"
              }
            ],
            "status": "waiting",
            "tags": []
          },
          "sensitive_attributes": [],
          "private": "bnVsbA==",
          "dependencies": [
            "data.digitalocean_ssh_key.acitP",
            "digitalocean_droplet.frontend_A01263293",
            "digitalocean_tag.do_tag",
            "digitalocean_vpc.web_vpc2"
          ]
        }
      ]
    },
    {
      "mode": "managed",
      "type": "digitalocean_tag",
      "name": "do_tag",
      "provider": "provider[\"registry.terraform.io/digitalocean/digitalocean\"]",
      "instances": [
        {
          "schema_version": 0,
          "attributes": {
            "databases_count": 0,
            "droplets_count": 2,
            "id": "web",
            "images_count": 0,
            "name": "web",
            "total_resource_count": 2,
            "volume_snapshots_count": 0,
            "volumes_count": 0
          },
          "sensitive_attributes": [],
          "private": "bnVsbA==",
          "create_before_destroy": true
        }
      ]
    },
    {
      "mode": "managed",
      "type": "digitalocean_vpc",
      "name": "web_vpc2",
      "provider": "provider[\"registry.terraform.io/digitalocean/digitalocean\"]",
      "instances": [
        {
          "schema_version": 0,
          "attributes": {
            "created_at": "2022-12-08 00:13:48 +0000 UTC",
            "default": false,
            "description": "",
            "id": "d6bc8f89-74ad-4fab-a961-21ba2c57f7f1",
            "ip_range": "10.46.40.0/24",
            "name": "exam-vpc",
            "region": "sfo3",
            "timeouts": null,
            "urn": "do:vpc:d6bc8f89-74ad-4fab-a961-21ba2c57f7f1"
          },
          "sensitive_attributes": [],
          "private": "eyJlMmJmYjczMC1lY2FhLTExZTYtOGY4OC0zNDM2M2JjN2M0YzAiOnsiZGVsZXRlIjoxMjAwMDAwMDAwMDB9fQ==",
          "create_before_destroy": true
        }
      ]
    }
  ],
  "check_results": null
}
